// !$*UTF8*$!
{
	archiveVersion = 1;
	classes = {
	};
	objectVersion = 46;
	objects = {

/* Begin PBXBuildFile section */
		6940D0301EE4179500E605CF /* AppDelegate.swift in Sources */ = {isa = PBXBuildFile; fileRef = 6940D02F1EE4179500E605CF /* AppDelegate.swift */; };
		6940D0321EE4179500E605CF /* ViewController.swift in Sources */ = {isa = PBXBuildFile; fileRef = 6940D0311EE4179500E605CF /* ViewController.swift */; };
		6940D0351EE4179500E605CF /* Main.storyboard in Resources */ = {isa = PBXBuildFile; fileRef = 6940D0331EE4179500E605CF /* Main.storyboard */; };
		6940D0371EE4179500E605CF /* Assets.xcassets in Resources */ = {isa = PBXBuildFile; fileRef = 6940D0361EE4179500E605CF /* Assets.xcassets */; };
		6940D03A1EE4179500E605CF /* LaunchScreen.storyboard in Resources */ = {isa = PBXBuildFile; fileRef = 6940D0381EE4179500E605CF /* LaunchScreen.storyboard */; };
		6940D0451EE4179600E605CF /* BoatRampAppTests.swift in Sources */ = {isa = PBXBuildFile; fileRef = 6940D0441EE4179600E605CF /* BoatRampAppTests.swift */; };
		6940D0501EE4179600E605CF /* BoatRampAppUITests.swift in Sources */ = {isa = PBXBuildFile; fileRef = 6940D04F1EE4179600E605CF /* BoatRampAppUITests.swift */; };
		6940D0611EE442FD00E605CF /* MapKit.framework in Frameworks */ = {isa = PBXBuildFile; fileRef = 6940D0601EE442FD00E605CF /* MapKit.framework */; };
		6940D0641EE44A9500E605CF /* LFLocationService.swift in Sources */ = {isa = PBXBuildFile; fileRef = 6940D0631EE44A9500E605CF /* LFLocationService.swift */; };
		6940D0661EE44B5400E605CF /* CXLog.swift in Sources */ = {isa = PBXBuildFile; fileRef = 6940D0651EE44B5400E605CF /* CXLog.swift */; };
/* End PBXBuildFile section */

/* Begin PBXContainerItemProxy section */
		6940D0411EE4179600E605CF /* PBXContainerItemProxy */ = {
			isa = PBXContainerItemProxy;
			containerPortal = 6940D0241EE4179500E605CF /* Project object */;
			proxyType = 1;
			remoteGlobalIDString = 6940D02B1EE4179500E605CF;
			remoteInfo = BoatRampApp;
		};
		6940D04C1EE4179600E605CF /* PBXContainerItemProxy */ = {
			isa = PBXContainerItemProxy;
			containerPortal = 6940D0241EE4179500E605CF /* Project object */;
			proxyType = 1;
			remoteGlobalIDString = 6940D02B1EE4179500E605CF;
			remoteInfo = BoatRampApp;
		};
/* End PBXContainerItemProxy section */

/* Begin PBXFileReference section */
		6940D02C1EE4179500E605CF /* BoatRampApp.app */ = {isa = PBXFileReference; explicitFileType = wrapper.application; includeInIndex = 0; path = BoatRampApp.app; sourceTree = BUILT_PRODUCTS_DIR; };
		6940D02F1EE4179500E605CF /* AppDelegate.swift */ = {isa = PBXFileReference; lastKnownFileType = sourcecode.swift; path = AppDelegate.swift; sourceTree = "<group>"; };
		6940D0311EE4179500E605CF /* ViewController.swift */ = {isa = PBXFileReference; lastKnownFileType = sourcecode.swift; path = ViewController.swift; sourceTree = "<group>"; };
		6940D0341EE4179500E605CF /* Base */ = {isa = PBXFileReference; lastKnownFileType = file.storyboard; name = Base; path = Base.lproj/Main.storyboard; sourceTree = "<group>"; };
		6940D0361EE4179500E605CF /* Assets.xcassets */ = {isa = PBXFileReference; lastKnownFileType = folder.assetcatalog; path = Assets.xcassets; sourceTree = "<group>"; };
		6940D0391EE4179500E605CF /* Base */ = {isa = PBXFileReference; lastKnownFileType = file.storyboard; name = Base; path = Base.lproj/LaunchScreen.storyboard; sourceTree = "<group>"; };
		6940D03B1EE4179500E605CF /* Info.plist */ = {isa = PBXFileReference; lastKnownFileType = text.plist.xml; path = Info.plist; sourceTree = "<group>"; };
		6940D0401EE4179600E605CF /* BoatRampAppTests.xctest */ = {isa = PBXFileReference; explicitFileType = wrapper.cfbundle; includeInIndex = 0; path = BoatRampAppTests.xctest; sourceTree = BUILT_PRODUCTS_DIR; };
		6940D0441EE4179600E605CF /* BoatRampAppTests.swift */ = {isa = PBXFileReference; lastKnownFileType = sourcecode.swift; path = BoatRampAppTests.swift; sourceTree = "<group>"; };
		6940D0461EE4179600E605CF /* Info.plist */ = {isa = PBXFileReference; lastKnownFileType = text.plist.xml; path = Info.plist; sourceTree = "<group>"; };
		6940D04B1EE4179600E605CF /* BoatRampAppUITests.xctest */ = {isa = PBXFileReference; explicitFileType = wrapper.cfbundle; includeInIndex = 0; path = BoatRampAppUITests.xctest; sourceTree = BUILT_PRODUCTS_DIR; };
		6940D04F1EE4179600E605CF /* BoatRampAppUITests.swift */ = {isa = PBXFileReference; lastKnownFileType = sourcecode.swift; path = BoatRampAppUITests.swift; sourceTree = "<group>"; };
		6940D0511EE4179600E605CF /* Info.plist */ = {isa = PBXFileReference; lastKnownFileType = text.plist.xml; path = Info.plist; sourceTree = "<group>"; };
		6940D05D1EE417CE00E605CF /* BoatRamps_DB.sqlite */ = {isa = PBXFileReference; lastKnownFileType = file; path = BoatRamps_DB.sqlite; sourceTree = "<group>"; };
		6940D0601EE442FD00E605CF /* MapKit.framework */ = {isa = PBXFileReference; lastKnownFileType = wrapper.framework; name = MapKit.framework; path = System/Library/Frameworks/MapKit.framework; sourceTree = SDKROOT; };
		6940D0631EE44A9500E605CF /* LFLocationService.swift */ = {isa = PBXFileReference; fileEncoding = 4; lastKnownFileType = sourcecode.swift; path = LFLocationService.swift; sourceTree = "<group>"; };
		6940D0651EE44B5400E605CF /* CXLog.swift */ = {isa = PBXFileReference; fileEncoding = 4; lastKnownFileType = sourcecode.swift; path = CXLog.swift; sourceTree = "<group>"; };
/* End PBXFileReference section */

/* Begin PBXFrameworksBuildPhase section */
		6940D0291EE4179500E605CF /* Frameworks */ = {
			isa = PBXFrameworksBuildPhase;
			buildActionMask = 2147483647;
			files = (
				6940D0611EE442FD00E605CF /* MapKit.framework in Frameworks */,
			);
			runOnlyForDeploymentPostprocessing = 0;
		};
		6940D03D1EE4179600E605CF /* Frameworks */ = {
			isa = PBXFrameworksBuildPhase;
			buildActionMask = 2147483647;
			files = (
			);
			runOnlyForDeploymentPostprocessing = 0;
		};
		6940D0481EE4179600E605CF /* Frameworks */ = {
			isa = PBXFrameworksBuildPhase;
			buildActionMask = 2147483647;
			files = (
			);
			runOnlyForDeploymentPostprocessing = 0;
		};
/* End PBXFrameworksBuildPhase section */

/* Begin PBXGroup section */
		6940D0231EE4179500E605CF = {
			isa = PBXGroup;
			children = (
				6940D02E1EE4179500E605CF /* BoatRampApp */,
				6940D0431EE4179600E605CF /* BoatRampAppTests */,
				6940D04E1EE4179600E605CF /* BoatRampAppUITests */,
				6940D02D1EE4179500E605CF /* Products */,
				6940D05F1EE442FD00E605CF /* Frameworks */,
			);
			sourceTree = "<group>";
		};
		6940D02D1EE4179500E605CF /* Products */ = {
			isa = PBXGroup;
			children = (
				6940D02C1EE4179500E605CF /* BoatRampApp.app */,
				6940D0401EE4179600E605CF /* BoatRampAppTests.xctest */,
				6940D04B1EE4179600E605CF /* BoatRampAppUITests.xctest */,
			);
			name = Products;
			sourceTree = "<group>";
		};
		6940D02E1EE4179500E605CF /* BoatRampApp */ = {
			isa = PBXGroup;
			children = (
				6940D0621EE44A8C00E605CF /* Map */,
				6940D05E1EE417E600E605CF /* DataBase */,
				6940D02F1EE4179500E605CF /* AppDelegate.swift */,
				6940D0311EE4179500E605CF /* ViewController.swift */,
				6940D0331EE4179500E605CF /* Main.storyboard */,
				6940D0361EE4179500E605CF /* Assets.xcassets */,
				6940D0381EE4179500E605CF /* LaunchScreen.storyboard */,
				6940D03B1EE4179500E605CF /* Info.plist */,
			);
			path = BoatRampApp;
			sourceTree = "<group>";
		};
		6940D0431EE4179600E605CF /* BoatRampAppTests */ = {
			isa = PBXGroup;
			children = (
				6940D0441EE4179600E605CF /* BoatRampAppTests.swift */,
				6940D0461EE4179600E605CF /* Info.plist */,
			);
			path = BoatRampAppTests;
			sourceTree = "<group>";
		};
		6940D04E1EE4179600E605CF /* BoatRampAppUITests */ = {
			isa = PBXGroup;
			children = (
				6940D04F1EE4179600E605CF /* BoatRampAppUITests.swift */,
				6940D0511EE4179600E605CF /* Info.plist */,
			);
			path = BoatRampAppUITests;
			sourceTree = "<group>";
		};
		6940D05E1EE417E600E605CF /* DataBase */ = {
			isa = PBXGroup;
			children = (
				6940D05D1EE417CE00E605CF /* BoatRamps_DB.sqlite */,
			);
			name = DataBase;
			sourceTree = "<group>";
		};
		6940D05F1EE442FD00E605CF /* Frameworks */ = {
			isa = PBXGroup;
			children = (
				6940D0601EE442FD00E605CF /* MapKit.framework */,
			);
			name = Frameworks;
			sourceTree = "<group>";
		};
		6940D0621EE44A8C00E605CF /* Map */ = {
			isa = PBXGroup;
			children = (
				6940D0631EE44A9500E605CF /* LFLocationService.swift */,
				6940D0651EE44B5400E605CF /* CXLog.swift */,
			);
			name = Map;
			sourceTree = "<group>";
		};
/* End PBXGroup section */

/* Begin PBXNativeTarget section */
		6940D02B1EE4179500E605CF /* BoatRampApp */ = {
			isa = PBXNativeTarget;
			buildConfigurationList = 6940D0541EE4179600E605CF /* Build configuration list for PBXNativeTarget "BoatRampApp" */;
			buildPhases = (
				6940D0281EE4179500E605CF /* Sources */,
				6940D0291EE4179500E605CF /* Frameworks */,
				6940D02A1EE4179500E605CF /* Resources */,
			);
			buildRules = (
			);
			dependencies = (
			);
			name = BoatRampApp;
			productName = BoatRampApp;
			productReference = 6940D02C1EE4179500E605CF /* BoatRampApp.app */;
			productType = "com.apple.product-type.application";
		};
		6940D03F1EE4179600E605CF /* BoatRampAppTests */ = {
			isa = PBXNativeTarget;
			buildConfigurationList = 6940D0571EE4179600E605CF /* Build configuration list for PBXNativeTarget "BoatRampAppTests" */;
			buildPhases = (
				6940D03C1EE4179600E605CF /* Sources */,
				6940D03D1EE4179600E605CF /* Frameworks */,
				6940D03E1EE4179600E605CF /* Resources */,
			);
			buildRules = (
			);
			dependencies = (
				6940D0421EE4179600E605CF /* PBXTargetDependency */,
			);
			name = BoatRampAppTests;
			productName = BoatRampAppTests;
			productReference = 6940D0401EE4179600E605CF /* BoatRampAppTests.xctest */;
			productType = "com.apple.product-type.bundle.unit-test";
		};
		6940D04A1EE4179600E605CF /* BoatRampAppUITests */ = {
			isa = PBXNativeTarget;
			buildConfigurationList = 6940D05A1EE4179600E605CF /* Build configuration list for PBXNativeTarget "BoatRampAppUITests" */;
			buildPhases = (
				6940D0471EE4179600E605CF /* Sources */,
				6940D0481EE4179600E605CF /* Frameworks */,
				6940D0491EE4179600E605CF /* Resources */,
			);
			buildRules = (
			);
			dependencies = (
				6940D04D1EE4179600E605CF /* PBXTargetDependency */,
			);
			name = BoatRampAppUITests;
			productName = BoatRampAppUITests;
			productReference = 6940D04B1EE4179600E605CF /* BoatRampAppUITests.xctest */;
			productType = "com.apple.product-type.bundle.ui-testing";
		};
/* End PBXNativeTarget section */

/* Begin PBXProject section */
		6940D0241EE4179500E605CF /* Project object */ = {
			isa = PBXProject;
			attributes = {
				LastSwiftUpdateCheck = 0830;
				LastUpgradeCheck = 0830;
				ORGANIZATIONNAME = ios;
				TargetAttributes = {
					6940D02B1EE4179500E605CF = {
						CreatedOnToolsVersion = 8.3.2;
						ProvisioningStyle = Automatic;
						SystemCapabilities = {
							com.apple.Maps.iOS = {
								enabled = 1;
							};
						};
					};
					6940D03F1EE4179600E605CF = {
						CreatedOnToolsVersion = 8.3.2;
						ProvisioningStyle = Automatic;
						TestTargetID = 6940D02B1EE4179500E605CF;
					};
					6940D04A1EE4179600E605CF = {
						CreatedOnToolsVersion = 8.3.2;
						ProvisioningStyle = Automatic;
						TestTargetID = 6940D02B1EE4179500E605CF;
					};
				};
			};
			buildConfigurationList = 6940D0271EE4179500E605CF /* Build configuration list for PBXProject "BoatRampApp" */;
			compatibilityVersion = "Xcode 3.2";
			developmentRegion = English;
			hasScannedForEncodings = 0;
			knownRegions = (
				en,
				Base,
			);
			mainGroup = 6940D0231EE4179500E605CF;
			productRefGroup = 6940D02D1EE4179500E605CF /* Products */;
			projectDirPath = "";
			projectRoot = "";
			targets = (
				6940D02B1EE4179500E605CF /* BoatRampApp */,
				6940D03F1EE4179600E605CF /* BoatRampAppTests */,
				6940D04A1EE4179600E605CF /* BoatRampAppUITests */,
			);
		};
/* End PBXProject section */

/* Begin PBXResourcesBuildPhase section */
		6940D02A1EE4179500E605CF /* Resources */ = {
			isa = PBXResourcesBuildPhase;
			buildActionMask = 2147483647;
			files = (
				6940D03A1EE4179500E605CF /* LaunchScreen.storyboard in Resources */,
				6940D0371EE4179500E605CF /* Assets.xcassets in Resources */,
				6940D0351EE4179500E605CF /* Main.storyboard in Resources */,
			);
			runOnlyForDeploymentPostprocessing = 0;
		};
		6940D03E1EE4179600E605CF /* Resources */ = {
			isa = PBXResourcesBuildPhase;
			buildActionMask = 2147483647;
			files = (
			);
			runOnlyForDeploymentPostprocessing = 0;
		};
		6940D0491EE4179600E605CF /* Resources */ = {
			isa = PBXResourcesBuildPhase;
			buildActionMask = 2147483647;
			files = (
			);
			runOnlyForDeploymentPostprocessing = 0;
		};
/* End PBXResourcesBuildPhase section */

/* Begin PBXSourcesBuildPhase section */
		6940D0281EE4179500E605CF /* Sources */ = {
			isa = PBXSourcesBuildPhase;
			buildActionMask = 2147483647;
			files = (
				6940D0321EE4179500E605CF /* ViewController.swift in Sources */,
				6940D0641EE44A9500E605CF /* LFLocationService.swift in Sources */,
				6940D0301EE4179500E605CF /* AppDelegate.swift in Sources */,
				6940D0661EE44B5400E605CF /* CXLog.swift in Sources */,
			);
			runOnlyForDeploymentPostprocessing = 0;
		};
		6940D03C1EE4179600E605CF /* Sources */ = {
			isa = PBXSourcesBuildPhase;
			buildActionMask = 2147483647;
			files = (
				6940D0451EE4179600E605CF /* BoatRampAppTests.swift in Sources */,
			);
			runOnlyForDeploymentPostprocessing = 0;
		};
		6940D0471EE4179600E605CF /* Sources */ = {
			isa = PBXSourcesBuildPhase;
			buildActionMask = 2147483647;
			files = (
				6940D0501EE4179600E605CF /* BoatRampAppUITests.swift in Sources */,
			);
			runOnlyForDeploymentPostprocessing = 0;
		};
/* End PBXSourcesBuildPhase section */

/* Begin PBXTargetDependency section */
		6940D0421EE4179600E605CF /* PBXTargetDependency */ = {
			isa = PBXTargetDependency;
			target = 6940D02B1EE4179500E605CF /* BoatRampApp */;
			targetProxy = 6940D0411EE4179600E605CF /* PBXContainerItemProxy */;
		};
		6940D04D1EE4179600E605CF /* PBXTargetDependency */ = {
			isa = PBXTargetDependency;
			target = 6940D02B1EE4179500E605CF /* BoatRampApp */;
			targetProxy = 6940D04C1EE4179600E605CF /* PBXContainerItemProxy */;
		};
/* End PBXTargetDependency section */

/* Begin PBXVariantGroup section */
		6940D0331EE4179500E605CF /* Main.storyboard */ = {
			isa = PBXVariantGroup;
			children = (
				6940D0341EE4179500E605CF /* Base */,
			);
			name = Main.storyboard;
			sourceTree = "<group>";
		};
		6940D0381EE4179500E605CF /* LaunchScreen.storyboard */ = {
			isa = PBXVariantGroup;
			children = (
				6940D0391EE4179500E605CF /* Base */,
			);
			name = LaunchScreen.storyboard;
			sourceTree = "<group>";
		};
/* End PBXVariantGroup section */

/* Begin XCBuildConfiguration section */
		6940D0521EE4179600E605CF /* Debug */ = {
			isa = XCBuildConfiguration;
			buildSettings = {
				ALWAYS_SEARCH_USER_PATHS = NO;
				CLANG_ANALYZER_NONNULL = YES;
				CLANG_ANALYZER_NUMBER_OBJECT_CONVERSION = YES_AGGRESSIVE;
				CLANG_CXX_LANGUAGE_STANDARD = "gnu++0x";
				CLANG_CXX_LIBRARY = "libc++";
				CLANG_ENABLE_MODULES = YES;
				CLANG_ENABLE_OBJC_ARC = YES;
				CLANG_WARN_BOOL_CONVERSION = YES;
				CLANG_WARN_CONSTANT_CONVERSION = YES;
				CLANG_WARN_DIRECT_OBJC_ISA_USAGE = YES_ERROR;
				CLANG_WARN_DOCUMENTATION_COMMENTS = YES;
				CLANG_WARN_EMPTY_BODY = YES;
				CLANG_WARN_ENUM_CONVERSION = YES;
				CLANG_WARN_INFINITE_RECURSION = YES;
				CLANG_WARN_INT_CONVERSION = YES;
				CLANG_WARN_OBJC_ROOT_CLASS = YES_ERROR;
				CLANG_WARN_SUSPICIOUS_MOVE = YES;
				CLANG_WARN_UNREACHABLE_CODE = YES;
				CLANG_WARN__DUPLICATE_METHOD_MATCH = YES;
				"CODE_SIGN_IDENTITY[sdk=iphoneos*]" = "iPhone Developer";
				COPY_PHASE_STRIP = NO;
				DEBUG_INFORMATION_FORMAT = dwarf;
				ENABLE_STRICT_OBJC_MSGSEND = YES;
				ENABLE_TESTABILITY = YES;
				GCC_C_LANGUAGE_STANDARD = gnu99;
				GCC_DYNAMIC_NO_PIC = NO;
				GCC_NO_COMMON_BLOCKS = YES;
				GCC_OPTIMIZATION_LEVEL = 0;
				GCC_PREPROCESSOR_DEFINITIONS = (
					"DEBUG=1",
					"$(inherited)",
				);
				GCC_WARN_64_TO_32_BIT_CONVERSION = YES;
				GCC_WARN_ABOUT_RETURN_TYPE = YES_ERROR;
				GCC_WARN_UNDECLARED_SELECTOR = YES;
				GCC_WARN_UNINITIALIZED_AUTOS = YES_AGGRESSIVE;
				GCC_WARN_UNUSED_FUNCTION = YES;
				GCC_WARN_UNUSED_VARIABLE = YES;
				IPHONEOS_DEPLOYMENT_TARGET = 10.3;
				MTL_ENABLE_DEBUG_INFO = YES;
				ONLY_ACTIVE_ARCH = YES;
				SDKROOT = iphoneos;
				SWIFT_ACTIVE_COMPILATION_CONDITIONS = DEBUG;
				SWIFT_OPTIMIZATION_LEVEL = "-Onone";
			};
			name = Debug;
		};
		6940D0531EE4179600E605CF /* Release */ = {
			isa = XCBuildConfiguration;
			buildSettings = {
				ALWAYS_SEARCH_USER_PATHS = NO;
				CLANG_ANALYZER_NONNULL = YES;
				CLANG_ANALYZER_NUMBER_OBJECT_CONVERSION = YES_AGGRESSIVE;
				CLANG_CXX_LANGUAGE_STANDARD = "gnu++0x";
				CLANG_CXX_LIBRARY = "libc++";
				CLANG_ENABLE_MODULES = YES;
				CLANG_ENABLE_OBJC_ARC = YES;
				CLANG_WARN_BOOL_CONVERSION = YES;
				CLANG_WARN_CONSTANT_CONVERSION = YES;
				CLANG_WARN_DIRECT_OBJC_ISA_USAGE = YES_ERROR;
				CLANG_WARN_DOCUMENTATION_COMMENTS = YES;
				CLANG_WARN_EMPTY_BODY = YES;
				CLANG_WARN_ENUM_CONVERSION = YES;
				CLANG_WARN_INFINITE_RECURSION = YES;
				CLANG_WARN_INT_CONVERSION = YES;
				CLANG_WARN_OBJC_ROOT_CLASS = YES_ERROR;
				CLANG_WARN_SUSPICIOUS_MOVE = YES;
				CLANG_WARN_UNREACHABLE_CODE = YES;
				CLANG_WARN__DUPLICATE_METHOD_MATCH = YES;
				"CODE_SIGN_IDENTITY[sdk=iphoneos*]" = "iPhone Developer";
				COPY_PHASE_STRIP = NO;
				DEBUG_INFORMATION_FORMAT = "dwarf-with-dsym";
				ENABLE_NS_ASSERTIONS = NO;
				ENABLE_STRICT_OBJC_MSGSEND = YES;
				GCC_C_LANGUAGE_STANDARD = gnu99;
				GCC_NO_COMMON_BLOCKS = YES;
				GCC_WARN_64_TO_32_BIT_CONVERSION = YES;
				GCC_WARN_ABOUT_RETURN_TYPE = YES_ERROR;
				GCC_WARN_UNDECLARED_SELECTOR = YES;
				GCC_WARN_UNINITIALIZED_AUTOS = YES_AGGRESSIVE;
				GCC_WARN_UNUSED_FUNCTION = YES;
				GCC_WARN_UNUSED_VARIABLE = YES;
				IPHONEOS_DEPLOYMENT_TARGET = 10.3;
				MTL_ENABLE_DEBUG_INFO = NO;
				SDKROOT = iphoneos;
				SWIFT_OPTIMIZATION_LEVEL = "-Owholemodule";
				VALIDATE_PRODUCT = YES;
			};
			name = Release;
		};
		6940D0551EE4179600E605CF /* Debug */ = {
			isa = XCBuildConfiguration;
			buildSettings = {
				ASSETCATALOG_COMPILER_APPICON_NAME = AppIcon;
				INFOPLIST_FILE = BoatRampApp/Info.plist;
				LD_RUNPATH_SEARCH_PATHS = "$(inherited) @executable_path/Frameworks";
				PRODUCT_BUNDLE_IDENTIFIER = com.santhoshiOS.BoatRampApp;
				PRODUCT_NAME = "$(TARGET_NAME)";
				SWIFT_VERSION = 3.0;
				TARGETED_DEVICE_FAMILY = "1,2";
			};
			name = Debug;
		};
		6940D0561EE4179600E605CF /* Release */ = {
			isa = XCBuildConfiguration;
			buildSettings = {
				ASSETCATALOG_COMPILER_APPICON_NAME = AppIcon;
				INFOPLIST_FILE = BoatRampApp/Info.plist;
				LD_RUNPATH_SEARCH_PATHS = "$(inherited) @executable_path/Frameworks";
				PRODUCT_BUNDLE_IDENTIFIER = com.santhoshiOS.BoatRampApp;
				PRODUCT_NAME = "$(TARGET_NAME)";
				SWIFT_VERSION = 3.0;
				TARGETED_DEVICE_FAMILY = "1,2";
			};
			name = Release;
		};
		6940D0581EE4179600E605CF /* Debug */ = {
			isa = XCBuildConfiguration;
			buildSettings = {
				ALWAYS_EMBED_SWIFT_STANDARD_LIBRARIES = YES;
				BUNDLE_LOADER = "$(TEST_HOST)";
				INFOPLIST_FILE = BoatRampAppTests/Info.plist;
				LD_RUNPATH_SEARCH_PATHS = "$(inherited) @executable_path/Frameworks @loader_path/Frameworks";
				PRODUCT_BUNDLE_IDENTIFIER = com.santhoshiOS.BoatRampAppTests;
				PRODUCT_NAME = "$(TARGET_NAME)";
				SWIFT_VERSION = 3.0;
				TEST_HOST = "$(BUILT_PRODUCTS_DIR)/BoatRampApp.app/BoatRampApp";
			};
			name = Debug;
		};
		6940D0591EE4179600E605CF /* Release */ = {
			isa = XCBuildConfiguration;
			buildSettings = {
				ALWAYS_EMBED_SWIFT_STANDARD_LIBRARIES = YES;
				BUNDLE_LOADER = "$(TEST_HOST)";
				INFOPLIST_FILE = BoatRampAppTests/Info.plist;
				LD_RUNPATH_SEARCH_PATHS = "$(inherited) @executable_path/Frameworks @loader_path/Frameworks";
				PRODUCT_BUNDLE_IDENTIFIER = com.santhoshiOS.BoatRampAppTests;
				PRODUCT_NAME = "$(TARGET_NAME)";
				SWIFT_VERSION = 3.0;
				TEST_HOST = "$(BUILT_PRODUCTS_DIR)/BoatRampApp.app/BoatRampApp";
			};
			name = Release;
		};
		6940D05B1EE4179600E605CF /* Debug */ = {
			isa = XCBuildConfiguration;
			buildSettings = {
				ALWAYS_EMBED_SWIFT_STANDARD_LIBRARIES = YES;
				INFOPLIST_FILE = BoatRampAppUITests/Info.plist;
				LD_RUNPATH_SEARCH_PATHS = "$(inherited) @executable_path/Frameworks @loader_path/Frameworks";
				PRODUCT_BUNDLE_IDENTIFIER = com.santhoshiOS.BoatRampAppUITests;
				PRODUCT_NAME = "$(TARGET_NAME)";
				SWIFT_VERSION = 3.0;
				TEST_TARGET_NAME = BoatRampApp;
			};
			name = Debug;
		};
		6940D05C1EE4179600E605CF /* Release */ = {
			isa = XCBuildConfiguration;
			buildSettings = {
				ALWAYS_EMBED_SWIFT_STANDARD_LIBRARIES = YES;
				INFOPLIST_FILE = BoatRampAppUITests/Info.plist;
				LD_RUNPATH_SEARCH_PATHS = "$(inherited) @executable_path/Frameworks @loader_path/Frameworks";
				PRODUCT_BUNDLE_IDENTIFIER = com.santhoshiOS.BoatRampAppUITests;
				PRODUCT_NAME = "$(TARGET_NAME)";
				SWIFT_VERSION = 3.0;
				TEST_TARGET_NAME = BoatRampApp;
			};
			name = Release;
		};
/* End XCBuildConfiguration section */

/* Begin XCConfigurationList section */
		6940D0271EE4179500E605CF /* Build configuration list for PBXProject "BoatRampApp" */ = {
			isa = XCConfigurationList;
			buildConfigurations = (
				6940D0521EE4179600E605CF /* Debug */,
				6940D0531EE4179600E605CF /* Release */,
			);
			defaultConfigurationIsVisible = 0;
			defaultConfigurationName = Release;
		};
		6940D0541EE4179600E605CF /* Build configuration list for PBXNativeTarget "BoatRampApp" */ = {
			isa = XCConfigurationList;
			buildConfigurations = (
				6940D0551EE4179600E605CF /* Debug */,
				6940D0561EE4179600E605CF /* Release */,
			);
			defaultConfigurationIsVisible = 0;
		};
		6940D0571EE4179600E605CF /* Build configuration list for PBXNativeTarget "BoatRampAppTests" */ = {
			isa = XCConfigurationList;
			buildConfigurations = (
				6940D0581EE4179600E605CF /* Debug */,
				6940D0591EE4179600E605CF /* Release */,
			);
			defaultConfigurationIsVisible = 0;
		};
		6940D05A1EE4179600E605CF /* Build configuration list for PBXNativeTarget "BoatRampAppUITests" */ = {
			isa = XCConfigurationList;
			buildConfigurations = (
				6940D05B1EE4179600E605CF /* Debug */,
				6940D05C1EE4179600E605CF /* Release */,
			);
			defaultConfigurationIsVisible = 0;
		};
/* End XCConfigurationList section */
	};
	rootObject = 6940D0241EE4179500E605CF /* Project object */;
}
